{
  "name": "install-bridge",
  "version": "0.1.1",
  "lockfileVersion": 3,
  "requires": true,
  "packages": {
    "": {
      "name": "install-bridge",
      "version": "0.1.1",
      "license": "MIT",
      "bin": {
        "install-bridge": "bin/install-bridge.js"
      },
      "engines": {
        "node": ">=14.0.0"
      }
    }
  }
}
