{
  "name": "install-bridge",
  "version": "2.1.0",
  "lockfileVersion": 3,
  "requires": true,
  "packages": {
    "": {
      "name": "install-bridge",
      "version": "2.1.0",
      "license": "SEE LICENSE IN LICENSE",
      "bin": {
        "install-bridge": "bin/install-bridge.js"
      },
      "engines": {
        "node": ">=18.0.0"
      }
    }
  }
}
